
Microsoft Visual Studio Solution File, Format Version 12.00
# Visual Studio 15
VisualStudioVersion = 15.0.28307.757
MinimumVisualStudioVersion = 10.0.40219.1
Project("{9A19103F-16F7-4668-BE54-9A1E7A4F7556}") = "event-processor", "event-processor.csproj", "{3EC1192F-0AFD-41D5-93C0-0447CD15A2DB}"
EndProject
Global
	GlobalSection(SolutionConfigurationPlatforms) = preSolution
		Debug|Any CPU = Debug|Any CPU
		Release|Any CPU = Release|Any CPU
	EndGlobalSection
	GlobalSection(ProjectConfigurationPlatforms) = postSolution
		{3EC1192F-0AFD-41D5-93C0-0447CD15A2DB}.Debug|Any CPU.ActiveCfg = Debug|Any CPU
		{3EC1192F-0AFD-41D5-93C0-0447CD15A2DB}.Debug|Any CPU.Build.0 = Debug|Any CPU
		{3EC1192F-0AFD-41D5-93C0-0447CD15A2DB}.Release|Any CPU.ActiveCfg = Release|Any CPU
		{3EC1192F-0AFD-41D5-93C0-0447CD15A2DB}.Release|Any CPU.Build.0 = Release|Any CPU
	EndGlobalSection
	GlobalSection(SolutionProperties) = preSolution
		HideSolutionNode = FALSE
	EndGlobalSection
	GlobalSection(ExtensibilityGlobals) = postSolution
		SolutionGuid = {69B5A569-7969-4A0A-B4B9-6BFB7A47F3E3}
	EndGlobalSection
EndGlobal
